
Microsoft Visual Studio Solution File, Format Version 12.00
# Visual Studio 15
VisualStudioVersion = 15.0.28307.102
MinimumVisualStudioVersion = 10.0.40219.1
Project("{FAE04EC0-301F-11D3-BF4B-00C04F79EFBC}") = "28.02.2019_CW", "28.02.2019_CW\28.02.2019_CW.csproj", "{EDA06099-1FBA-48F8-855A-97E948BF1638}"
EndProject
Global
	GlobalSection(SolutionConfigurationPlatforms) = preSolution
		Debug|Any CPU = Debug|Any CPU
		Release|Any CPU = Release|Any CPU
	EndGlobalSection
	GlobalSection(ProjectConfigurationPlatforms) = postSolution
		{EDA06099-1FBA-48F8-855A-97E948BF1638}.Debug|Any CPU.ActiveCfg = Debug|Any CPU
		{EDA06099-1FBA-48F8-855A-97E948BF1638}.Debug|Any CPU.Build.0 = Debug|Any CPU
		{EDA06099-1FBA-48F8-855A-97E948BF1638}.Release|Any CPU.ActiveCfg = Release|Any CPU
		{EDA06099-1FBA-48F8-855A-97E948BF1638}.Release|Any CPU.Build.0 = Release|Any CPU
	EndGlobalSection
	GlobalSection(SolutionProperties) = preSolution
		HideSolutionNode = FALSE
	EndGlobalSection
	GlobalSection(ExtensibilityGlobals) = postSolution
		SolutionGuid = {E12ECC79-0684-4F83-B40F-8AAADC394B8A}
	EndGlobalSection
EndGlobal
